
Microsoft Visual Studio Solution File, Format Version 12.00
# Visual Studio Version 16
VisualStudioVersion = 16.0.29306.81
MinimumVisualStudioVersion = 10.0.40219.1
Project("{FAE04EC0-301F-11D3-BF4B-00C04F79EFBC}") = "Agent", "Agent.csproj", "{58D1CAD9-850C-4E5D-9ACF-DB6F3A23B2D2}"
EndProject
Global
	GlobalSection(SolutionConfigurationPlatforms) = preSolution
		Debug|Any CPU = Debug|Any CPU
		Release|Any CPU = Release|Any CPU
	EndGlobalSection
	GlobalSection(ProjectConfigurationPlatforms) = postSolution
		{58D1CAD9-850C-4E5D-9ACF-DB6F3A23B2D2}.Debug|Any CPU.ActiveCfg = Debug|Any CPU
		{58D1CAD9-850C-4E5D-9ACF-DB6F3A23B2D2}.Debug|Any CPU.Build.0 = Debug|Any CPU
		{58D1CAD9-850C-4E5D-9ACF-DB6F3A23B2D2}.Release|Any CPU.ActiveCfg = Release|Any CPU
		{58D1CAD9-850C-4E5D-9ACF-DB6F3A23B2D2}.Release|Any CPU.Build.0 = Release|Any CPU
	EndGlobalSection
	GlobalSection(SolutionProperties) = preSolution
		HideSolutionNode = FALSE
	EndGlobalSection
	GlobalSection(ExtensibilityGlobals) = postSolution
		SolutionGuid = {01333A0C-2463-40AC-9C15-BAA1D0AF7603}
	EndGlobalSection
EndGlobal
